
Microsoft Visual Studio Solution File, Format Version 12.00
# Visual Studio Version 17
VisualStudioVersion = 17.4.33122.133
MinimumVisualStudioVersion = 10.0.40219.1
Project("{FAE04EC0-301F-11D3-BF4B-00C04F79EFBC}") = "Ejercicio1", "Ejercicio1\Ejercicio1.csproj", "{913C6E26-690B-472F-A383-DCFE1C27369C}"
EndProject
Global
	GlobalSection(SolutionConfigurationPlatforms) = preSolution
		Debug|Any CPU = Debug|Any CPU
		Release|Any CPU = Release|Any CPU
	EndGlobalSection
	GlobalSection(ProjectConfigurationPlatforms) = postSolution
		{913C6E26-690B-472F-A383-DCFE1C27369C}.Debug|Any CPU.ActiveCfg = Debug|Any CPU
		{913C6E26-690B-472F-A383-DCFE1C27369C}.Debug|Any CPU.Build.0 = Debug|Any CPU
		{913C6E26-690B-472F-A383-DCFE1C27369C}.Release|Any CPU.ActiveCfg = Release|Any CPU
		{913C6E26-690B-472F-A383-DCFE1C27369C}.Release|Any CPU.Build.0 = Release|Any CPU
	EndGlobalSection
	GlobalSection(SolutionProperties) = preSolution
		HideSolutionNode = FALSE
	EndGlobalSection
	GlobalSection(ExtensibilityGlobals) = postSolution
		SolutionGuid = {DF61DBD1-235D-41C0-A5DD-4DC20589AF27}
	EndGlobalSection
EndGlobal
