
Microsoft Visual Studio Solution File, Format Version 12.00
# Visual Studio Version 17
VisualStudioVersion = 17.3.32929.385
MinimumVisualStudioVersion = 10.0.40219.1
Project("{FAE04EC0-301F-11D3-BF4B-00C04F79EFBC}") = "Ejercicio22", "Ejercicio22\Ejercicio22.csproj", "{846378AB-9930-4E3B-B091-CE37EE6D073F}"
EndProject
Global
	GlobalSection(SolutionConfigurationPlatforms) = preSolution
		Debug|Any CPU = Debug|Any CPU
		Release|Any CPU = Release|Any CPU
	EndGlobalSection
	GlobalSection(ProjectConfigurationPlatforms) = postSolution
		{846378AB-9930-4E3B-B091-CE37EE6D073F}.Debug|Any CPU.ActiveCfg = Debug|Any CPU
		{846378AB-9930-4E3B-B091-CE37EE6D073F}.Debug|Any CPU.Build.0 = Debug|Any CPU
		{846378AB-9930-4E3B-B091-CE37EE6D073F}.Release|Any CPU.ActiveCfg = Release|Any CPU
		{846378AB-9930-4E3B-B091-CE37EE6D073F}.Release|Any CPU.Build.0 = Release|Any CPU
	EndGlobalSection
	GlobalSection(SolutionProperties) = preSolution
		HideSolutionNode = FALSE
	EndGlobalSection
	GlobalSection(ExtensibilityGlobals) = postSolution
		SolutionGuid = {1CBA9ED1-38C7-455C-96FD-92425CCAB0B3}
	EndGlobalSection
EndGlobal
