
Microsoft Visual Studio Solution File, Format Version 12.00
# Visual Studio Version 17
VisualStudioVersion = 17.3.32929.385
MinimumVisualStudioVersion = 10.0.40219.1
Project("{FAE04EC0-301F-11D3-BF4B-00C04F79EFBC}") = "Ejercicio6", "Ejercicio6\Ejercicio6.csproj", "{84AD0754-6972-4A77-97FF-80DF7E18A278}"
EndProject
Global
	GlobalSection(SolutionConfigurationPlatforms) = preSolution
		Debug|Any CPU = Debug|Any CPU
		Release|Any CPU = Release|Any CPU
	EndGlobalSection
	GlobalSection(ProjectConfigurationPlatforms) = postSolution
		{84AD0754-6972-4A77-97FF-80DF7E18A278}.Debug|Any CPU.ActiveCfg = Debug|Any CPU
		{84AD0754-6972-4A77-97FF-80DF7E18A278}.Debug|Any CPU.Build.0 = Debug|Any CPU
		{84AD0754-6972-4A77-97FF-80DF7E18A278}.Release|Any CPU.ActiveCfg = Release|Any CPU
		{84AD0754-6972-4A77-97FF-80DF7E18A278}.Release|Any CPU.Build.0 = Release|Any CPU
	EndGlobalSection
	GlobalSection(SolutionProperties) = preSolution
		HideSolutionNode = FALSE
	EndGlobalSection
	GlobalSection(ExtensibilityGlobals) = postSolution
		SolutionGuid = {EF8B8040-D658-482D-9C3C-903825A4D024}
	EndGlobalSection
EndGlobal
