
Microsoft Visual Studio Solution File, Format Version 12.00
# Visual Studio Version 17
VisualStudioVersion = 17.2.32526.322
MinimumVisualStudioVersion = 10.0.40219.1
Project("{FAE04EC0-301F-11D3-BF4B-00C04F79EFBC}") = "Ejemplo1", "Ejemplo1\Ejemplo1.csproj", "{B815E99A-59FA-4127-9666-2E1CD6001199}"
EndProject
Global
	GlobalSection(SolutionConfigurationPlatforms) = preSolution
		Debug|Any CPU = Debug|Any CPU
		Release|Any CPU = Release|Any CPU
	EndGlobalSection
	GlobalSection(ProjectConfigurationPlatforms) = postSolution
		{B815E99A-59FA-4127-9666-2E1CD6001199}.Debug|Any CPU.ActiveCfg = Debug|Any CPU
		{B815E99A-59FA-4127-9666-2E1CD6001199}.Debug|Any CPU.Build.0 = Debug|Any CPU
		{B815E99A-59FA-4127-9666-2E1CD6001199}.Release|Any CPU.ActiveCfg = Release|Any CPU
		{B815E99A-59FA-4127-9666-2E1CD6001199}.Release|Any CPU.Build.0 = Release|Any CPU
	EndGlobalSection
	GlobalSection(SolutionProperties) = preSolution
		HideSolutionNode = FALSE
	EndGlobalSection
	GlobalSection(ExtensibilityGlobals) = postSolution
		SolutionGuid = {77CA4752-DBED-49F2-B7BB-E225422AE8C7}
	EndGlobalSection
EndGlobal
