
Microsoft Visual Studio Solution File, Format Version 12.00
# Visual Studio Version 17
VisualStudioVersion = 17.4.33110.190
MinimumVisualStudioVersion = 10.0.40219.1
Project("{FAE04EC0-301F-11D3-BF4B-00C04F79EFBC}") = "Ejercicio7", "Ejercicio7\Ejercicio7.csproj", "{7A35C8A4-95FC-4B3B-B34F-F5197EA24E1E}"
EndProject
Global
	GlobalSection(SolutionConfigurationPlatforms) = preSolution
		Debug|Any CPU = Debug|Any CPU
		Release|Any CPU = Release|Any CPU
	EndGlobalSection
	GlobalSection(ProjectConfigurationPlatforms) = postSolution
		{7A35C8A4-95FC-4B3B-B34F-F5197EA24E1E}.Debug|Any CPU.ActiveCfg = Debug|Any CPU
		{7A35C8A4-95FC-4B3B-B34F-F5197EA24E1E}.Debug|Any CPU.Build.0 = Debug|Any CPU
		{7A35C8A4-95FC-4B3B-B34F-F5197EA24E1E}.Release|Any CPU.ActiveCfg = Release|Any CPU
		{7A35C8A4-95FC-4B3B-B34F-F5197EA24E1E}.Release|Any CPU.Build.0 = Release|Any CPU
	EndGlobalSection
	GlobalSection(SolutionProperties) = preSolution
		HideSolutionNode = FALSE
	EndGlobalSection
	GlobalSection(ExtensibilityGlobals) = postSolution
		SolutionGuid = {6D865079-0951-442A-ACE2-06B0CBC83546}
	EndGlobalSection
EndGlobal
