
Microsoft Visual Studio Solution File, Format Version 12.00
# Visual Studio Version 17
VisualStudioVersion = 17.3.32929.385
MinimumVisualStudioVersion = 10.0.40219.1
Project("{FAE04EC0-301F-11D3-BF4B-00C04F79EFBC}") = "Ejercicio20", "Ejercicio20\Ejercicio20.csproj", "{FC24A81A-7FCB-460F-B2D1-D6CCFE7ADE3C}"
EndProject
Global
	GlobalSection(SolutionConfigurationPlatforms) = preSolution
		Debug|Any CPU = Debug|Any CPU
		Release|Any CPU = Release|Any CPU
	EndGlobalSection
	GlobalSection(ProjectConfigurationPlatforms) = postSolution
		{FC24A81A-7FCB-460F-B2D1-D6CCFE7ADE3C}.Debug|Any CPU.ActiveCfg = Debug|Any CPU
		{FC24A81A-7FCB-460F-B2D1-D6CCFE7ADE3C}.Debug|Any CPU.Build.0 = Debug|Any CPU
		{FC24A81A-7FCB-460F-B2D1-D6CCFE7ADE3C}.Release|Any CPU.ActiveCfg = Release|Any CPU
		{FC24A81A-7FCB-460F-B2D1-D6CCFE7ADE3C}.Release|Any CPU.Build.0 = Release|Any CPU
	EndGlobalSection
	GlobalSection(SolutionProperties) = preSolution
		HideSolutionNode = FALSE
	EndGlobalSection
	GlobalSection(ExtensibilityGlobals) = postSolution
		SolutionGuid = {CAD0DDBB-C371-42C8-8631-9DEFCB8B2E5D}
	EndGlobalSection
EndGlobal
